
Microsoft Visual Studio Solution File, Format Version 12.00
# Visual Studio Version 16
VisualStudioVersion = 16.0.31729.503
MinimumVisualStudioVersion = 10.0.40219.1
Project("{FAE04EC0-301F-11D3-BF4B-00C04F79EFBC}") = "MCD_DLL", "MCD_DLL\MCD_DLL.csproj", "{27F688AD-770A-45FC-B193-6D4832233BC4}"
EndProject
Project("{FAE04EC0-301F-11D3-BF4B-00C04F79EFBC}") = "MCD_DLLCagirma", "MCD_DLLCagirma\MCD_DLLCagirma.csproj", "{DE39FA21-182A-4C8A-8DA6-429624C957BB}"
EndProject
Global
	GlobalSection(SolutionConfigurationPlatforms) = preSolution
		Debug|Any CPU = Debug|Any CPU
		Release|Any CPU = Release|Any CPU
	EndGlobalSection
	GlobalSection(ProjectConfigurationPlatforms) = postSolution
		{27F688AD-770A-45FC-B193-6D4832233BC4}.Debug|Any CPU.ActiveCfg = Debug|Any CPU
		{27F688AD-770A-45FC-B193-6D4832233BC4}.Debug|Any CPU.Build.0 = Debug|Any CPU
		{27F688AD-770A-45FC-B193-6D4832233BC4}.Release|Any CPU.ActiveCfg = Release|Any CPU
		{27F688AD-770A-45FC-B193-6D4832233BC4}.Release|Any CPU.Build.0 = Release|Any CPU
		{DE39FA21-182A-4C8A-8DA6-429624C957BB}.Debug|Any CPU.ActiveCfg = Debug|Any CPU
		{DE39FA21-182A-4C8A-8DA6-429624C957BB}.Debug|Any CPU.Build.0 = Debug|Any CPU
		{DE39FA21-182A-4C8A-8DA6-429624C957BB}.Release|Any CPU.ActiveCfg = Release|Any CPU
		{DE39FA21-182A-4C8A-8DA6-429624C957BB}.Release|Any CPU.Build.0 = Release|Any CPU
	EndGlobalSection
	GlobalSection(SolutionProperties) = preSolution
		HideSolutionNode = FALSE
	EndGlobalSection
	GlobalSection(ExtensibilityGlobals) = postSolution
		SolutionGuid = {3BB81053-D0F5-4664-AD1D-8A0B54F0CB39}
	EndGlobalSection
EndGlobal
